
Microsoft Visual Studio Solution File, Format Version 12.00
# Visual Studio Version 16
VisualStudioVersion = 16.0.32510.428
MinimumVisualStudioVersion = 10.0.40219.1
Project("{FAE04EC0-301F-11D3-BF4B-00C04F79EFBC}") = "back-end", "back-end.csproj", "{F4D5133B-40B2-436F-BD8A-3A7B1726D9ED}"
EndProject
Global
	GlobalSection(SolutionConfigurationPlatforms) = preSolution
		Debug|Any CPU = Debug|Any CPU
		Release|Any CPU = Release|Any CPU
	EndGlobalSection
	GlobalSection(ProjectConfigurationPlatforms) = postSolution
		{F4D5133B-40B2-436F-BD8A-3A7B1726D9ED}.Debug|Any CPU.ActiveCfg = Debug|Any CPU
		{F4D5133B-40B2-436F-BD8A-3A7B1726D9ED}.Debug|Any CPU.Build.0 = Debug|Any CPU
		{F4D5133B-40B2-436F-BD8A-3A7B1726D9ED}.Release|Any CPU.ActiveCfg = Release|Any CPU
		{F4D5133B-40B2-436F-BD8A-3A7B1726D9ED}.Release|Any CPU.Build.0 = Release|Any CPU
	EndGlobalSection
	GlobalSection(SolutionProperties) = preSolution
		HideSolutionNode = FALSE
	EndGlobalSection
	GlobalSection(ExtensibilityGlobals) = postSolution
		SolutionGuid = {D985649F-02FA-4FA9-89C6-A7EA2FCC29C2}
	EndGlobalSection
EndGlobal
